
Microsoft Visual Studio Solution File, Format Version 12.00
# Visual Studio Version 16
VisualStudioVersion = 16.0.30503.244
MinimumVisualStudioVersion = 10.0.40219.1
Project("{FAE04EC0-301F-11D3-BF4B-00C04F79EFBC}") = "Graham algorithm", "Graham algorithm\Graham algorithm.csproj", "{519D757B-39CD-4125-B942-9999BBCE9E68}"
EndProject
Global
	GlobalSection(SolutionConfigurationPlatforms) = preSolution
		Debug|Any CPU = Debug|Any CPU
		Release|Any CPU = Release|Any CPU
	EndGlobalSection
	GlobalSection(ProjectConfigurationPlatforms) = postSolution
		{519D757B-39CD-4125-B942-9999BBCE9E68}.Debug|Any CPU.ActiveCfg = Debug|Any CPU
		{519D757B-39CD-4125-B942-9999BBCE9E68}.Debug|Any CPU.Build.0 = Debug|Any CPU
		{519D757B-39CD-4125-B942-9999BBCE9E68}.Release|Any CPU.ActiveCfg = Release|Any CPU
		{519D757B-39CD-4125-B942-9999BBCE9E68}.Release|Any CPU.Build.0 = Release|Any CPU
	EndGlobalSection
	GlobalSection(SolutionProperties) = preSolution
		HideSolutionNode = FALSE
	EndGlobalSection
	GlobalSection(ExtensibilityGlobals) = postSolution
		SolutionGuid = {2C60BBEC-1C27-4150-BD63-0B54CC143E2F}
	EndGlobalSection
EndGlobal
